
Microsoft Visual Studio Solution File, Format Version 12.00
# Visual Studio Version 16
VisualStudioVersion = 16.0.30114.105
MinimumVisualStudioVersion = 10.0.40219.1
Project("{2150E333-8FDC-42A3-9474-1A3956D46DE8}") = "BuildingBlocks", "BuildingBlocks", "{13B3AA0F-7DF8-436A-980B-DD6EA0F1BB5B}"
EndProject
Project("{2150E333-8FDC-42A3-9474-1A3956D46DE8}") = "Services", "Services", "{77E8C4FE-8EAD-4B93-B083-B1B5AFE813E6}"
EndProject
Project("{2150E333-8FDC-42A3-9474-1A3956D46DE8}") = "Flight", "Flight", "{87F97CFF-9CF3-495B-BF5E-61381EA02738}"
EndProject
Project("{2150E333-8FDC-42A3-9474-1A3956D46DE8}") = "Identity", "Identity", "{63C68B1A-034D-4058-99A6-D8FE29DA4409}"
EndProject
Project("{2150E333-8FDC-42A3-9474-1A3956D46DE8}") = "src", "src", "{A2FAF1A4-1BB5-4CE3-AB59-53D563E1C5F6}"
EndProject
Project("{2150E333-8FDC-42A3-9474-1A3956D46DE8}") = "tests", "tests", "{0E8700B4-DB25-4D87-BC29-E84C45F96E0F}"
EndProject
Project("{2150E333-8FDC-42A3-9474-1A3956D46DE8}") = "src", "src", "{B5C7A421-81AC-4B3D-A573-67DC9A8F9DAC}"
EndProject
Project("{FAE04EC0-301F-11D3-BF4B-00C04F79EFBC}") = "Identity", "src\Services\Airline.Identity\src\Identity\Identity.csproj", "{3782C64B-49B0-489F-A664-0BA83F0CB784}"
EndProject
Project("{FAE04EC0-301F-11D3-BF4B-00C04F79EFBC}") = "Identity.Api", "src\Services\Airline.Identity\src\Identity.Api\Identity.Api.csproj", "{5C320310-CD75-4BC6-B18F-3432F9B78E6B}"
EndProject
Project("{2150E333-8FDC-42A3-9474-1A3956D46DE8}") = "Reservation", "Reservation", "{EC112B3D-ADB5-4106-BA80-D8C473FC389D}"
EndProject
Project("{2150E333-8FDC-42A3-9474-1A3956D46DE8}") = "src", "src", "{AC287B88-59A9-4D9A-AAC9-9BE3609CD538}"
EndProject
Project("{FAE04EC0-301F-11D3-BF4B-00C04F79EFBC}") = "Reservation", "src\Services\Airline.Reservation\src\Reservation\Reservation.csproj", "{610AECD3-4D17-4DF4-9C8D-39A5B8616513}"
EndProject
Project("{FAE04EC0-301F-11D3-BF4B-00C04F79EFBC}") = "Reservation.Api", "src\Services\Airline.Reservation\src\Reservation.Api\Reservation.Api.csproj", "{B3B72F02-34D0-47AB-BC24-5C49F10D2BE9}"
EndProject
Project("{2150E333-8FDC-42A3-9474-1A3956D46DE8}") = "tests", "tests", "{FA879AE1-240D-4EC1-81A9-DF0331366D99}"
EndProject
Project("{2150E333-8FDC-42A3-9474-1A3956D46DE8}") = "Passenger", "Passenger", "{5675480F-B7B2-4283-A21B-642F5436881C}"
EndProject
Project("{2150E333-8FDC-42A3-9474-1A3956D46DE8}") = "src", "src", "{B0F31608-0ECE-483D-B116-EB7EA4118B5A}"
EndProject
Project("{2150E333-8FDC-42A3-9474-1A3956D46DE8}") = "tests", "tests", "{2D272A94-90BA-465D-87EF-360193AE05D6}"
EndProject
Project("{FAE04EC0-301F-11D3-BF4B-00C04F79EFBC}") = "Passenger", "src\Services\Airline.Passenger\src\Passenger\Passenger.csproj", "{AB7AD65E-A141-4B87-B356-737CD0E1327A}"
EndProject
Project("{FAE04EC0-301F-11D3-BF4B-00C04F79EFBC}") = "Passenger.Api", "src\Services\Airline.Passenger\src\Passenger.Api\Passenger.Api.csproj", "{C3BBD8EB-BA12-4B84-906A-5250F1D8909B}"
EndProject
Project("{2150E333-8FDC-42A3-9474-1A3956D46DE8}") = "ApiGateway", "ApiGateway", "{29C2305F-D4D4-420A-A276-8EA9D60D34C2}"
EndProject
Project("{2150E333-8FDC-42A3-9474-1A3956D46DE8}") = "src", "src", "{02970AC4-A7FB-4200-AE6D-539E2CD9CB3E}"
EndProject
Project("{FAE04EC0-301F-11D3-BF4B-00C04F79EFBC}") = "Airline.ApiGateway", "src\ApiGateway\Airline.ApiGateway\src\Airline.ApiGateway.csproj", "{1CBE7BF1-A3B1-4F81-8CA5-9AF27CDCD8C2}"
EndProject
Project("{FAE04EC0-301F-11D3-BF4B-00C04F79EFBC}") = "BuildingBlocks", "src\BuildingBlocks\BuildingBlocks.csproj", "{9CCB34AF-BA07-42C7-B09E-E6047166779B}"
EndProject
Project("{FAE04EC0-301F-11D3-BF4B-00C04F79EFBC}") = "Flight", "src\Services\Airline.Flight\src\Flight\Flight.csproj", "{3F27DCA9-AD11-4E65-AF42-9E9CF31D7D4A}"
EndProject
Project("{FAE04EC0-301F-11D3-BF4B-00C04F79EFBC}") = "Flight.Api", "src\Services\Airline.Flight\src\Flight.Api\Flight.Api.csproj", "{9AA91A0A-B46D-475A-8411-84396F961665}"
EndProject
Global
	GlobalSection(SolutionConfigurationPlatforms) = preSolution
		Debug|Any CPU = Debug|Any CPU
		Release|Any CPU = Release|Any CPU
	EndGlobalSection
	GlobalSection(SolutionProperties) = preSolution
		HideSolutionNode = FALSE
	EndGlobalSection
	GlobalSection(NestedProjects) = preSolution
		{87F97CFF-9CF3-495B-BF5E-61381EA02738} = {77E8C4FE-8EAD-4B93-B083-B1B5AFE813E6}
		{63C68B1A-034D-4058-99A6-D8FE29DA4409} = {77E8C4FE-8EAD-4B93-B083-B1B5AFE813E6}
		{A2FAF1A4-1BB5-4CE3-AB59-53D563E1C5F6} = {87F97CFF-9CF3-495B-BF5E-61381EA02738}
		{0E8700B4-DB25-4D87-BC29-E84C45F96E0F} = {87F97CFF-9CF3-495B-BF5E-61381EA02738}
		{B5C7A421-81AC-4B3D-A573-67DC9A8F9DAC} = {63C68B1A-034D-4058-99A6-D8FE29DA4409}
		{3782C64B-49B0-489F-A664-0BA83F0CB784} = {B5C7A421-81AC-4B3D-A573-67DC9A8F9DAC}
		{5C320310-CD75-4BC6-B18F-3432F9B78E6B} = {B5C7A421-81AC-4B3D-A573-67DC9A8F9DAC}
		{EC112B3D-ADB5-4106-BA80-D8C473FC389D} = {77E8C4FE-8EAD-4B93-B083-B1B5AFE813E6}
		{AC287B88-59A9-4D9A-AAC9-9BE3609CD538} = {EC112B3D-ADB5-4106-BA80-D8C473FC389D}
		{610AECD3-4D17-4DF4-9C8D-39A5B8616513} = {AC287B88-59A9-4D9A-AAC9-9BE3609CD538}
		{B3B72F02-34D0-47AB-BC24-5C49F10D2BE9} = {AC287B88-59A9-4D9A-AAC9-9BE3609CD538}
		{FA879AE1-240D-4EC1-81A9-DF0331366D99} = {EC112B3D-ADB5-4106-BA80-D8C473FC389D}
		{5675480F-B7B2-4283-A21B-642F5436881C} = {77E8C4FE-8EAD-4B93-B083-B1B5AFE813E6}
		{B0F31608-0ECE-483D-B116-EB7EA4118B5A} = {5675480F-B7B2-4283-A21B-642F5436881C}
		{2D272A94-90BA-465D-87EF-360193AE05D6} = {5675480F-B7B2-4283-A21B-642F5436881C}
		{AB7AD65E-A141-4B87-B356-737CD0E1327A} = {B0F31608-0ECE-483D-B116-EB7EA4118B5A}
		{C3BBD8EB-BA12-4B84-906A-5250F1D8909B} = {B0F31608-0ECE-483D-B116-EB7EA4118B5A}
		{02970AC4-A7FB-4200-AE6D-539E2CD9CB3E} = {29C2305F-D4D4-420A-A276-8EA9D60D34C2}
		{1CBE7BF1-A3B1-4F81-8CA5-9AF27CDCD8C2} = {02970AC4-A7FB-4200-AE6D-539E2CD9CB3E}
		{9CCB34AF-BA07-42C7-B09E-E6047166779B} = {13B3AA0F-7DF8-436A-980B-DD6EA0F1BB5B}
		{3F27DCA9-AD11-4E65-AF42-9E9CF31D7D4A} = {A2FAF1A4-1BB5-4CE3-AB59-53D563E1C5F6}
		{9AA91A0A-B46D-475A-8411-84396F961665} = {A2FAF1A4-1BB5-4CE3-AB59-53D563E1C5F6}
	EndGlobalSection
	GlobalSection(ProjectConfigurationPlatforms) = postSolution
		{3782C64B-49B0-489F-A664-0BA83F0CB784}.Debug|Any CPU.ActiveCfg = Debug|Any CPU
		{3782C64B-49B0-489F-A664-0BA83F0CB784}.Debug|Any CPU.Build.0 = Debug|Any CPU
		{3782C64B-49B0-489F-A664-0BA83F0CB784}.Release|Any CPU.ActiveCfg = Release|Any CPU
		{3782C64B-49B0-489F-A664-0BA83F0CB784}.Release|Any CPU.Build.0 = Release|Any CPU
		{5C320310-CD75-4BC6-B18F-3432F9B78E6B}.Debug|Any CPU.ActiveCfg = Debug|Any CPU
		{5C320310-CD75-4BC6-B18F-3432F9B78E6B}.Debug|Any CPU.Build.0 = Debug|Any CPU
		{5C320310-CD75-4BC6-B18F-3432F9B78E6B}.Release|Any CPU.ActiveCfg = Release|Any CPU
		{5C320310-CD75-4BC6-B18F-3432F9B78E6B}.Release|Any CPU.Build.0 = Release|Any CPU
		{610AECD3-4D17-4DF4-9C8D-39A5B8616513}.Debug|Any CPU.ActiveCfg = Debug|Any CPU
		{610AECD3-4D17-4DF4-9C8D-39A5B8616513}.Debug|Any CPU.Build.0 = Debug|Any CPU
		{610AECD3-4D17-4DF4-9C8D-39A5B8616513}.Release|Any CPU.ActiveCfg = Release|Any CPU
		{610AECD3-4D17-4DF4-9C8D-39A5B8616513}.Release|Any CPU.Build.0 = Release|Any CPU
		{B3B72F02-34D0-47AB-BC24-5C49F10D2BE9}.Debug|Any CPU.ActiveCfg = Debug|Any CPU
		{B3B72F02-34D0-47AB-BC24-5C49F10D2BE9}.Debug|Any CPU.Build.0 = Debug|Any CPU
		{B3B72F02-34D0-47AB-BC24-5C49F10D2BE9}.Release|Any CPU.ActiveCfg = Release|Any CPU
		{B3B72F02-34D0-47AB-BC24-5C49F10D2BE9}.Release|Any CPU.Build.0 = Release|Any CPU
		{AB7AD65E-A141-4B87-B356-737CD0E1327A}.Debug|Any CPU.ActiveCfg = Debug|Any CPU
		{AB7AD65E-A141-4B87-B356-737CD0E1327A}.Debug|Any CPU.Build.0 = Debug|Any CPU
		{AB7AD65E-A141-4B87-B356-737CD0E1327A}.Release|Any CPU.ActiveCfg = Release|Any CPU
		{AB7AD65E-A141-4B87-B356-737CD0E1327A}.Release|Any CPU.Build.0 = Release|Any CPU
		{C3BBD8EB-BA12-4B84-906A-5250F1D8909B}.Debug|Any CPU.ActiveCfg = Debug|Any CPU
		{C3BBD8EB-BA12-4B84-906A-5250F1D8909B}.Debug|Any CPU.Build.0 = Debug|Any CPU
		{C3BBD8EB-BA12-4B84-906A-5250F1D8909B}.Release|Any CPU.ActiveCfg = Release|Any CPU
		{C3BBD8EB-BA12-4B84-906A-5250F1D8909B}.Release|Any CPU.Build.0 = Release|Any CPU
		{1CBE7BF1-A3B1-4F81-8CA5-9AF27CDCD8C2}.Debug|Any CPU.ActiveCfg = Debug|Any CPU
		{1CBE7BF1-A3B1-4F81-8CA5-9AF27CDCD8C2}.Debug|Any CPU.Build.0 = Debug|Any CPU
		{1CBE7BF1-A3B1-4F81-8CA5-9AF27CDCD8C2}.Release|Any CPU.ActiveCfg = Release|Any CPU
		{1CBE7BF1-A3B1-4F81-8CA5-9AF27CDCD8C2}.Release|Any CPU.Build.0 = Release|Any CPU
		{9CCB34AF-BA07-42C7-B09E-E6047166779B}.Debug|Any CPU.ActiveCfg = Debug|Any CPU
		{9CCB34AF-BA07-42C7-B09E-E6047166779B}.Debug|Any CPU.Build.0 = Debug|Any CPU
		{9CCB34AF-BA07-42C7-B09E-E6047166779B}.Release|Any CPU.ActiveCfg = Release|Any CPU
		{9CCB34AF-BA07-42C7-B09E-E6047166779B}.Release|Any CPU.Build.0 = Release|Any CPU
		{3F27DCA9-AD11-4E65-AF42-9E9CF31D7D4A}.Debug|Any CPU.ActiveCfg = Debug|Any CPU
		{3F27DCA9-AD11-4E65-AF42-9E9CF31D7D4A}.Debug|Any CPU.Build.0 = Debug|Any CPU
		{3F27DCA9-AD11-4E65-AF42-9E9CF31D7D4A}.Release|Any CPU.ActiveCfg = Release|Any CPU
		{3F27DCA9-AD11-4E65-AF42-9E9CF31D7D4A}.Release|Any CPU.Build.0 = Release|Any CPU
		{9AA91A0A-B46D-475A-8411-84396F961665}.Debug|Any CPU.ActiveCfg = Debug|Any CPU
		{9AA91A0A-B46D-475A-8411-84396F961665}.Debug|Any CPU.Build.0 = Debug|Any CPU
		{9AA91A0A-B46D-475A-8411-84396F961665}.Release|Any CPU.ActiveCfg = Release|Any CPU
		{9AA91A0A-B46D-475A-8411-84396F961665}.Release|Any CPU.Build.0 = Release|Any CPU
	EndGlobalSection
EndGlobal
